{
  "nodes": {
    "config": {
      "locked": {
        "dir": "example/defaultConfig",
        "lastModified": 1652094794,
        "narHash": "sha256-YKsmTOispYxmmpf7i9BJ0Gt9itLcfyXExteYQoZUfGQ=",
        "owner": "NiklasGollenstede",
        "repo": "nix-wiplib",
        "rev": "5e9cc7ce3440be9ce6aeeaedcc70db9c80489c5f",
        "type": "github"
      },
      "original": {
        "dir": "example/defaultConfig",
        "owner": "NiklasGollenstede",
        "repo": "nix-wiplib",
        "rev": "5e9cc7ce3440be9ce6aeeaedcc70db9c80489c5f",
        "type": "github"
      }
    },
    "nixos-hardware": {
      "locked": {
        "lastModified": 1672644464,
        "narHash": "sha256-RYlvRMcQNT7FDoDkViijQBHg9g+blsB+U6AvL/gAsPI=",
        "owner": "NixOS",
        "repo": "nixos-hardware",
        "rev": "ca29e25c39b8e117d4d76a81f1e229824a9b3a26",
        "type": "github"
      },
      "original": {
        "owner": "NixOS",
        "ref": "master",
        "repo": "nixos-hardware",
        "type": "github"
      }
    },
    "nixpkgs": {
      "locked": {
        "lastModified": 1673345971,
        "narHash": "sha256-4DfFcKLRfVUTyuGrGNNmw37IeIZSoku9tgTVmu/iD98=",
        "owner": "NixOS",
        "repo": "nixpkgs",
        "rev": "54644f409ab471e87014bb305eac8c50190bcf48",
        "type": "github"
      },
      "original": {
        "owner": "NixOS",
        "ref": "nixos-22.11",
        "repo": "nixpkgs",
        "type": "github"
      }
    },
    "root": {
      "inputs": {
        "nixpkgs": "nixpkgs",
        "wiplib": "wiplib"
      }
    },
    "wiplib": {
      "inputs": {
        "config": "config",
        "nixos-hardware": "nixos-hardware",
        "nixpkgs": [
          "nixpkgs"
        ]
      },
      "locked": {
        "lastModified": 1675022892,
        "narHash": "sha256-5+J8pPhMJb53maas7+REod3PjlTEBpGSnrvzVuGLwAk=",
        "owner": "NiklasGollenstede",
        "repo": "nix-wiplib",
        "rev": "9edfe9c9d84538e407fae58cc52d8cca44c2da2a",
        "type": "github"
      },
      "original": {
        "owner": "NiklasGollenstede",
        "repo": "nix-wiplib",
        "type": "github"
      }
    }
  },
  "root": "root",
  "version": 7
}
